color: '#a31d1d'
name: ArticleFeedBlock
displayName: 'Article feed block'
visible: true
publishable: false
attributable: false
sortingAttributesByWeight: false
reachable: false
hidingNodes: true
hidingNonReachableNodes: true
fields:
    -
        name: listing_count
        universal: true
        excludeFromSearch: true
        label: 'Article count'
        type: integer
defaultTtl: 0
searchable: true
