color: '#a31d1d'
name: ArticleFeedBlock
displayName: 'Article feed block'
visible: true
publishable: false
attributable: false
sortingAttributesByWeight: false
reachable: false
hidingNodes: true
hidingNonReachableNodes: true
fields:
    -
        name: listing_count
        universal: true
        excludeFromSearch: true
        serializationGroups: {  }
        excludedFromSerialization: false
        indexed: false
        visible: true
        label: 'Article count'
        expanded: false
        position: 1.0
        type: integer
defaultTtl: 0
searchable: true
