color: '#69a5ff'
name: BasicBlock
displayName: 'Basic Block'
visible: false
publishable: false
attributable: false
sortingAttributesByWeight: false
reachable: false
hidingNodes: false
hidingNonReachableNodes: false
fields:
    -
        name: content
        universal: false
        excludeFromSearch: false
        serializationGroups: {  }
        excludedFromSerialization: false
        indexed: false
        visible: true
        label: Content
        expanded: false
        position: 1.0
        nodeTypeName: BasicBlock
        type: markdown
    -
        name: boolean_field
        universal: false
        excludeFromSearch: false
        serializationGroups: {  }
        excludedFromSerialization: false
        indexed: false
        visible: true
        label: 'Boolean field'
        expanded: false
        position: 2.0
        nodeTypeName: BasicBlock
        type: boolean
    -
        name: image
        universal: false
        excludeFromSearch: false
        serializationGroups: {  }
        excludedFromSerialization: false
        indexed: false
        visible: true
        label: Image
        expanded: false
        position: 3.0
        nodeTypeName: BasicBlock
        type: documents
defaultTtl: 0
searchable: true
